
Microsoft Visual Studio Solution File, Format Version 12.00
# Visual Studio Version 17
VisualStudioVersion = 17.0.31903.59
MinimumVisualStudioVersion = 10.0.40219.1
Project("{FAE04EC0-301F-11D3-BF4B-00C04F79EFBC}") = "Breakout", "Breakout\Breakout.csproj", "{82014C30-E769-420C-B513-9C777273AB5E}"
EndProject
Global
	GlobalSection(SolutionConfigurationPlatforms) = preSolution
		Debug|Any CPU = Debug|Any CPU
		Release|Any CPU = Release|Any CPU
	EndGlobalSection
	GlobalSection(SolutionProperties) = preSolution
		HideSolutionNode = FALSE
	EndGlobalSection
	GlobalSection(ProjectConfigurationPlatforms) = postSolution
		{82014C30-E769-420C-B513-9C777273AB5E}.Debug|Any CPU.ActiveCfg = Debug|x64
		{82014C30-E769-420C-B513-9C777273AB5E}.Debug|Any CPU.Build.0 = Debug|x64
		{82014C30-E769-420C-B513-9C777273AB5E}.Release|Any CPU.ActiveCfg = Release|x64
		{82014C30-E769-420C-B513-9C777273AB5E}.Release|Any CPU.Build.0 = Release|x64
	EndGlobalSection
EndGlobal
